
Microsoft Visual Studio Solution File, Format Version 12.00
# Visual Studio Version 16
VisualStudioVersion = 16.0.31105.61
MinimumVisualStudioVersion = 10.0.40219.1
Project("{FAE04EC0-301F-11D3-BF4B-00C04F79EFBC}") = "ObjToXml", "ObjToXml.csproj", "{46070FB0-9EC9-49E7-BA66-825434893312}"
EndProject
Global
	GlobalSection(SolutionConfigurationPlatforms) = preSolution
		Debug|Any CPU = Debug|Any CPU
		Release|Any CPU = Release|Any CPU
	EndGlobalSection
	GlobalSection(ProjectConfigurationPlatforms) = postSolution
		{46070FB0-9EC9-49E7-BA66-825434893312}.Debug|Any CPU.ActiveCfg = Debug|Any CPU
		{46070FB0-9EC9-49E7-BA66-825434893312}.Debug|Any CPU.Build.0 = Debug|Any CPU
		{46070FB0-9EC9-49E7-BA66-825434893312}.Release|Any CPU.ActiveCfg = Release|Any CPU
		{46070FB0-9EC9-49E7-BA66-825434893312}.Release|Any CPU.Build.0 = Release|Any CPU
	EndGlobalSection
	GlobalSection(SolutionProperties) = preSolution
		HideSolutionNode = FALSE
	EndGlobalSection
	GlobalSection(ExtensibilityGlobals) = postSolution
		SolutionGuid = {25D79364-51B1-4EB3-ADEE-A40EF9608492}
	EndGlobalSection
EndGlobal
